
Microsoft Visual Studio Solution File, Format Version 12.00
# Visual Studio Version 16
VisualStudioVersion = 16.0.32126.315
MinimumVisualStudioVersion = 10.0.40219.1
Project("{9A19103F-16F7-4668-BE54-9A1E7A4F7556}") = "Server", "Server\Server.csproj", "{36EF30EF-7718-4EF2-8930-DD9273C37D19}"
EndProject
Project("{9A19103F-16F7-4668-BE54-9A1E7A4F7556}") = "AccountServer", "AccountServer\AccountServer.csproj", "{FF900DF7-233C-46AE-9BD4-0ACB4BF685ED}"
EndProject
Project("{9A19103F-16F7-4668-BE54-9A1E7A4F7556}") = "NetworkCore", "NetworkCore\NetworkCore.csproj", "{8DDD8DF8-7BF0-4EFF-9AE1-47AEE4CECD14}"
EndProject
Project("{FAE04EC0-301F-11D3-BF4B-00C04F79EFBC}") = "PacketGenerator", "PacketGenerator\PacketGenerator.csproj", "{1C0DD006-757B-4E8F-BFC9-2FFC7ABEEA74}"
EndProject
Project("{2150E333-8FDC-42A3-9474-1A3956D46DE8}") = "Tools", "Tools", "{E84D5E7C-0542-41E7-BD5A-D902859D99E1}"
EndProject
Global
	GlobalSection(SolutionConfigurationPlatforms) = preSolution
		Debug|Any CPU = Debug|Any CPU
		Release|Any CPU = Release|Any CPU
	EndGlobalSection
	GlobalSection(ProjectConfigurationPlatforms) = postSolution
		{36EF30EF-7718-4EF2-8930-DD9273C37D19}.Debug|Any CPU.ActiveCfg = Debug|Any CPU
		{36EF30EF-7718-4EF2-8930-DD9273C37D19}.Debug|Any CPU.Build.0 = Debug|Any CPU
		{36EF30EF-7718-4EF2-8930-DD9273C37D19}.Release|Any CPU.ActiveCfg = Release|Any CPU
		{36EF30EF-7718-4EF2-8930-DD9273C37D19}.Release|Any CPU.Build.0 = Release|Any CPU
		{FF900DF7-233C-46AE-9BD4-0ACB4BF685ED}.Debug|Any CPU.ActiveCfg = Debug|Any CPU
		{FF900DF7-233C-46AE-9BD4-0ACB4BF685ED}.Debug|Any CPU.Build.0 = Debug|Any CPU
		{FF900DF7-233C-46AE-9BD4-0ACB4BF685ED}.Release|Any CPU.ActiveCfg = Release|Any CPU
		{FF900DF7-233C-46AE-9BD4-0ACB4BF685ED}.Release|Any CPU.Build.0 = Release|Any CPU
		{8DDD8DF8-7BF0-4EFF-9AE1-47AEE4CECD14}.Debug|Any CPU.ActiveCfg = Debug|Any CPU
		{8DDD8DF8-7BF0-4EFF-9AE1-47AEE4CECD14}.Debug|Any CPU.Build.0 = Debug|Any CPU
		{8DDD8DF8-7BF0-4EFF-9AE1-47AEE4CECD14}.Release|Any CPU.ActiveCfg = Release|Any CPU
		{8DDD8DF8-7BF0-4EFF-9AE1-47AEE4CECD14}.Release|Any CPU.Build.0 = Release|Any CPU
		{1C0DD006-757B-4E8F-BFC9-2FFC7ABEEA74}.Debug|Any CPU.ActiveCfg = Debug|Any CPU
		{1C0DD006-757B-4E8F-BFC9-2FFC7ABEEA74}.Debug|Any CPU.Build.0 = Debug|Any CPU
		{1C0DD006-757B-4E8F-BFC9-2FFC7ABEEA74}.Release|Any CPU.ActiveCfg = Release|Any CPU
		{1C0DD006-757B-4E8F-BFC9-2FFC7ABEEA74}.Release|Any CPU.Build.0 = Release|Any CPU
	EndGlobalSection
	GlobalSection(SolutionProperties) = preSolution
		HideSolutionNode = FALSE
	EndGlobalSection
	GlobalSection(NestedProjects) = preSolution
		{1C0DD006-757B-4E8F-BFC9-2FFC7ABEEA74} = {E84D5E7C-0542-41E7-BD5A-D902859D99E1}
	EndGlobalSection
	GlobalSection(ExtensibilityGlobals) = postSolution
		SolutionGuid = {382F342F-2F3B-4FD5-A514-1C53D38358FA}
	EndGlobalSection
EndGlobal
